
Microsoft Visual Studio Solution File, Format Version 12.00
# Visual Studio 14
VisualStudioVersion = 14.0.25420.1
MinimumVisualStudioVersion = 10.0.40219.1
Project("{FAE04EC0-301F-11D3-BF4B-00C04F79EFBC}") = "Fshop", "Fshop\Fshop.csproj", "{D00B9443-196C-479D-9BE0-7FFB369FE630}"
EndProject
Project("{FAE04EC0-301F-11D3-BF4B-00C04F79EFBC}") = "FShop.DB", "FShop.DB\FShop.DB.csproj", "{00C455DC-0011-4BFC-BF16-C958B061488C}"
EndProject
Project("{FAE04EC0-301F-11D3-BF4B-00C04F79EFBC}") = "Step.Identity", "..\MVC\Lesson 27 asp.net Identity\Step.Identity\Step.Identity.csproj", "{8447F73E-F8B7-4629-AF0E-0FCAAB18B0C9}"
EndProject
Global
	GlobalSection(SolutionConfigurationPlatforms) = preSolution
		Debug|Any CPU = Debug|Any CPU
		Release|Any CPU = Release|Any CPU
	EndGlobalSection
	GlobalSection(ProjectConfigurationPlatforms) = postSolution
		{D00B9443-196C-479D-9BE0-7FFB369FE630}.Debug|Any CPU.ActiveCfg = Debug|Any CPU
		{D00B9443-196C-479D-9BE0-7FFB369FE630}.Debug|Any CPU.Build.0 = Debug|Any CPU
		{D00B9443-196C-479D-9BE0-7FFB369FE630}.Release|Any CPU.ActiveCfg = Release|Any CPU
		{D00B9443-196C-479D-9BE0-7FFB369FE630}.Release|Any CPU.Build.0 = Release|Any CPU
		{00C455DC-0011-4BFC-BF16-C958B061488C}.Debug|Any CPU.ActiveCfg = Debug|Any CPU
		{00C455DC-0011-4BFC-BF16-C958B061488C}.Debug|Any CPU.Build.0 = Debug|Any CPU
		{00C455DC-0011-4BFC-BF16-C958B061488C}.Release|Any CPU.ActiveCfg = Release|Any CPU
		{00C455DC-0011-4BFC-BF16-C958B061488C}.Release|Any CPU.Build.0 = Release|Any CPU
		{8447F73E-F8B7-4629-AF0E-0FCAAB18B0C9}.Debug|Any CPU.ActiveCfg = Debug|Any CPU
		{8447F73E-F8B7-4629-AF0E-0FCAAB18B0C9}.Debug|Any CPU.Build.0 = Debug|Any CPU
		{8447F73E-F8B7-4629-AF0E-0FCAAB18B0C9}.Release|Any CPU.ActiveCfg = Release|Any CPU
		{8447F73E-F8B7-4629-AF0E-0FCAAB18B0C9}.Release|Any CPU.Build.0 = Release|Any CPU
	EndGlobalSection
	GlobalSection(SolutionProperties) = preSolution
		HideSolutionNode = FALSE
	EndGlobalSection
	GlobalSection(ExtensibilityGlobals) = postSolution
		SolutionGuid = {97DA3EE3-5153-46AF-A23F-64AB870259F7}
	EndGlobalSection
EndGlobal
