
Microsoft Visual Studio Solution File, Format Version 12.00
# Visual Studio 14
VisualStudioVersion = 14.0.25420.1
MinimumVisualStudioVersion = 10.0.40219.1
Project("{FAE04EC0-301F-11D3-BF4B-00C04F79EFBC}") = "Fshop", "Fshop\Fshop.csproj", "{D00B9443-196C-479D-9BE0-7FFB369FE630}"
EndProject
Project("{FAE04EC0-301F-11D3-BF4B-00C04F79EFBC}") = "FShop.UnitTests", "FShop.UnitTests\FShop.UnitTests.csproj", "{AC8E5112-1A1C-48A3-85A9-BCA1B4DAC1D4}"
EndProject
Project("{FAE04EC0-301F-11D3-BF4B-00C04F79EFBC}") = "FShop.DB", "FShop.DB\FShop.DB.csproj", "{00C455DC-0011-4BFC-BF16-C958B061488C}"
EndProject
Global
	GlobalSection(SolutionConfigurationPlatforms) = preSolution
		Debug|Any CPU = Debug|Any CPU
		Release|Any CPU = Release|Any CPU
	EndGlobalSection
	GlobalSection(ProjectConfigurationPlatforms) = postSolution
		{D00B9443-196C-479D-9BE0-7FFB369FE630}.Debug|Any CPU.ActiveCfg = Debug|Any CPU
		{D00B9443-196C-479D-9BE0-7FFB369FE630}.Debug|Any CPU.Build.0 = Debug|Any CPU
		{D00B9443-196C-479D-9BE0-7FFB369FE630}.Release|Any CPU.ActiveCfg = Release|Any CPU
		{D00B9443-196C-479D-9BE0-7FFB369FE630}.Release|Any CPU.Build.0 = Release|Any CPU
		{AC8E5112-1A1C-48A3-85A9-BCA1B4DAC1D4}.Debug|Any CPU.ActiveCfg = Debug|Any CPU
		{AC8E5112-1A1C-48A3-85A9-BCA1B4DAC1D4}.Debug|Any CPU.Build.0 = Debug|Any CPU
		{AC8E5112-1A1C-48A3-85A9-BCA1B4DAC1D4}.Release|Any CPU.ActiveCfg = Release|Any CPU
		{AC8E5112-1A1C-48A3-85A9-BCA1B4DAC1D4}.Release|Any CPU.Build.0 = Release|Any CPU
		{00C455DC-0011-4BFC-BF16-C958B061488C}.Debug|Any CPU.ActiveCfg = Debug|Any CPU
		{00C455DC-0011-4BFC-BF16-C958B061488C}.Debug|Any CPU.Build.0 = Debug|Any CPU
		{00C455DC-0011-4BFC-BF16-C958B061488C}.Release|Any CPU.ActiveCfg = Release|Any CPU
		{00C455DC-0011-4BFC-BF16-C958B061488C}.Release|Any CPU.Build.0 = Release|Any CPU
	EndGlobalSection
	GlobalSection(SolutionProperties) = preSolution
		HideSolutionNode = FALSE
	EndGlobalSection
	GlobalSection(ExtensibilityGlobals) = postSolution
		SolutionGuid = {97DA3EE3-5153-46AF-A23F-64AB870259F7}
	EndGlobalSection
EndGlobal
